
Microsoft Visual Studio Solution File, Format Version 12.00
# Visual Studio Version 17
VisualStudioVersion = 17.0.31903.59
MinimumVisualStudioVersion = 10.0.40219.1
Project("{FAE04EC0-301F-11D3-BF4B-00C04F79EFBC}") = "PolySms", "PolySms\PolySms.csproj", "{FA4EAC32-1A70-4910-9F70-20111737D47A}"
EndProject
Project("{FAE04EC0-301F-11D3-BF4B-00C04F79EFBC}") = "PolySms.Tests", "PolySms.Tests\PolySms.Tests.csproj", "{03519B08-8E28-4DC3-B962-82BE5B92D507}"
EndProject
Project("{FAE04EC0-301F-11D3-BF4B-00C04F79EFBC}") = "Example", "Example\Example.csproj", "{B9D3F2EC-8C03-4082-BCA4-5FCF90DC903D}"
EndProject
Global
	GlobalSection(SolutionConfigurationPlatforms) = preSolution
		Debug|Any CPU = Debug|Any CPU
		Release|Any CPU = Release|Any CPU
	EndGlobalSection
	GlobalSection(ProjectConfigurationPlatforms) = postSolution
		{FA4EAC32-1A70-4910-9F70-20111737D47A}.Debug|Any CPU.ActiveCfg = Debug|Any CPU
		{FA4EAC32-1A70-4910-9F70-20111737D47A}.Debug|Any CPU.Build.0 = Debug|Any CPU
		{FA4EAC32-1A70-4910-9F70-20111737D47A}.Release|Any CPU.ActiveCfg = Release|Any CPU
		{FA4EAC32-1A70-4910-9F70-20111737D47A}.Release|Any CPU.Build.0 = Release|Any CPU
		{03519B08-8E28-4DC3-B962-82BE5B92D507}.Debug|Any CPU.ActiveCfg = Debug|Any CPU
		{03519B08-8E28-4DC3-B962-82BE5B92D507}.Debug|Any CPU.Build.0 = Debug|Any CPU
		{03519B08-8E28-4DC3-B962-82BE5B92D507}.Release|Any CPU.ActiveCfg = Release|Any CPU
		{03519B08-8E28-4DC3-B962-82BE5B92D507}.Release|Any CPU.Build.0 = Release|Any CPU
		{B9D3F2EC-8C03-4082-BCA4-5FCF90DC903D}.Debug|Any CPU.ActiveCfg = Debug|Any CPU
		{B9D3F2EC-8C03-4082-BCA4-5FCF90DC903D}.Debug|Any CPU.Build.0 = Debug|Any CPU
		{B9D3F2EC-8C03-4082-BCA4-5FCF90DC903D}.Release|Any CPU.ActiveCfg = Release|Any CPU
		{B9D3F2EC-8C03-4082-BCA4-5FCF90DC903D}.Release|Any CPU.Build.0 = Release|Any CPU
	EndGlobalSection
	GlobalSection(SolutionProperties) = preSolution
		HideSolutionNode = FALSE
	EndGlobalSection
EndGlobal